# THIS IS AN AUTOGENERATED FILE. DO NOT EDIT THIS FILE DIRECTLY.
# feasible lock file, version 2

checksum:
  file: feasible.lock
  hash: e1c609f7dc92a5e3f2cc8faa9b35ff0f
  version: 2
variables:
  APP_NAME: test-app
  NODE_ENV: development
  PORT: '3000'
  TIMESTAMP: '1743466378'
files:
  - .env
  - config.json
